// !$*UTF8*$!
{
	archiveVersion = 1;
	classes = {
	};
	objectVersion = 46;
	objects = {

/* Begin PBXBuildFile section */
		06362DBA1F785BE0000412A9 /* SimplePing.m in Sources */ = {isa = PBXBuildFile; fileRef = 06362DB91F785BE0000412A9 /* SimplePing.m */; };
		064E9B5C1F733D06005DABAB /* AppDelegate.swift in Sources */ = {isa = PBXBuildFile; fileRef = 064E9B5B1F733D06005DABAB /* AppDelegate.swift */; };
		064E9B5E1F733D06005DABAB /* ViewController.swift in Sources */ = {isa = PBXBuildFile; fileRef = 064E9B5D1F733D06005DABAB /* ViewController.swift */; };
		064E9B611F733D06005DABAB /* Main.storyboard in Resources */ = {isa = PBXBuildFile; fileRef = 064E9B5F1F733D06005DABAB /* Main.storyboard */; };
		064E9B631F733D06005DABAB /* Assets.xcassets in Resources */ = {isa = PBXBuildFile; fileRef = 064E9B621F733D06005DABAB /* Assets.xcassets */; };
		064E9B661F733D06005DABAB /* LaunchScreen.storyboard in Resources */ = {isa = PBXBuildFile; fileRef = 064E9B641F733D06005DABAB /* LaunchScreen.storyboard */; };
		064E9B711F733D06005DABAB /* heb_ios_appTests.swift in Sources */ = {isa = PBXBuildFile; fileRef = 064E9B701F733D06005DABAB /* heb_ios_appTests.swift */; };
		064E9B7C1F733D06005DABAB /* heb_ios_appUITests.swift in Sources */ = {isa = PBXBuildFile; fileRef = 064E9B7B1F733D06005DABAB /* heb_ios_appUITests.swift */; };
		06C9D2761F75D69100DDA9D9 /* ViewController2.swift in Sources */ = {isa = PBXBuildFile; fileRef = 06C9D2751F75D69100DDA9D9 /* ViewController2.swift */; };
/* End PBXBuildFile section */

/* Begin PBXContainerItemProxy section */
		064E9B6D1F733D06005DABAB /* PBXContainerItemProxy */ = {
			isa = PBXContainerItemProxy;
			containerPortal = 064E9B501F733D05005DABAB /* Project object */;
			proxyType = 1;
			remoteGlobalIDString = 064E9B571F733D05005DABAB;
			remoteInfo = "heb-ios-app";
		};
		064E9B781F733D06005DABAB /* PBXContainerItemProxy */ = {
			isa = PBXContainerItemProxy;
			containerPortal = 064E9B501F733D05005DABAB /* Project object */;
			proxyType = 1;
			remoteGlobalIDString = 064E9B571F733D05005DABAB;
			remoteInfo = "heb-ios-app";
		};
/* End PBXContainerItemProxy section */

/* Begin PBXFileReference section */
		06362DB61F785AC3000412A9 /* SimplePing.h */ = {isa = PBXFileReference; lastKnownFileType = sourcecode.c.h; path = SimplePing.h; sourceTree = "<group>"; };
		06362DB91F785BE0000412A9 /* SimplePing.m */ = {isa = PBXFileReference; fileEncoding = 4; lastKnownFileType = sourcecode.c.objc; path = SimplePing.m; sourceTree = "<group>"; };
		064E9B581F733D06005DABAB /* heb-ios-app.app */ = {isa = PBXFileReference; explicitFileType = wrapper.application; includeInIndex = 0; path = "heb-ios-app.app"; sourceTree = BUILT_PRODUCTS_DIR; };
		064E9B5B1F733D06005DABAB /* AppDelegate.swift */ = {isa = PBXFileReference; lastKnownFileType = sourcecode.swift; path = AppDelegate.swift; sourceTree = "<group>"; };
		064E9B5D1F733D06005DABAB /* ViewController.swift */ = {isa = PBXFileReference; lastKnownFileType = sourcecode.swift; path = ViewController.swift; sourceTree = "<group>"; };
		064E9B601F733D06005DABAB /* Base */ = {isa = PBXFileReference; lastKnownFileType = file.storyboard; name = Base; path = Base.lproj/Main.storyboard; sourceTree = "<group>"; };
		064E9B621F733D06005DABAB /* Assets.xcassets */ = {isa = PBXFileReference; lastKnownFileType = folder.assetcatalog; path = Assets.xcassets; sourceTree = "<group>"; };
		064E9B651F733D06005DABAB /* Base */ = {isa = PBXFileReference; lastKnownFileType = file.storyboard; name = Base; path = Base.lproj/LaunchScreen.storyboard; sourceTree = "<group>"; };
		064E9B671F733D06005DABAB /* Info.plist */ = {isa = PBXFileReference; lastKnownFileType = text.plist.xml; path = Info.plist; sourceTree = "<group>"; };
		064E9B6C1F733D06005DABAB /* heb-ios-appTests.xctest */ = {isa = PBXFileReference; explicitFileType = wrapper.cfbundle; includeInIndex = 0; path = "heb-ios-appTests.xctest"; sourceTree = BUILT_PRODUCTS_DIR; };
		064E9B701F733D06005DABAB /* heb_ios_appTests.swift */ = {isa = PBXFileReference; lastKnownFileType = sourcecode.swift; path = heb_ios_appTests.swift; sourceTree = "<group>"; };
		064E9B721F733D06005DABAB /* Info.plist */ = {isa = PBXFileReference; lastKnownFileType = text.plist.xml; path = Info.plist; sourceTree = "<group>"; };
		064E9B771F733D06005DABAB /* heb-ios-appUITests.xctest */ = {isa = PBXFileReference; explicitFileType = wrapper.cfbundle; includeInIndex = 0; path = "heb-ios-appUITests.xctest"; sourceTree = BUILT_PRODUCTS_DIR; };
		064E9B7B1F733D06005DABAB /* heb_ios_appUITests.swift */ = {isa = PBXFileReference; lastKnownFileType = sourcecode.swift; path = heb_ios_appUITests.swift; sourceTree = "<group>"; };
		064E9B7D1F733D06005DABAB /* Info.plist */ = {isa = PBXFileReference; lastKnownFileType = text.plist.xml; path = Info.plist; sourceTree = "<group>"; };
		06BC6F551F78522200852076 /* heb-ios-app-Bridging-Header.h */ = {isa = PBXFileReference; lastKnownFileType = sourcecode.c.h; path = "heb-ios-app-Bridging-Header.h"; sourceTree = "<group>"; };
		06C9D2751F75D69100DDA9D9 /* ViewController2.swift */ = {isa = PBXFileReference; fileEncoding = 4; lastKnownFileType = sourcecode.swift; path = ViewController2.swift; sourceTree = "<group>"; };
/* End PBXFileReference section */

/* Begin PBXFrameworksBuildPhase section */
		064E9B551F733D05005DABAB /* Frameworks */ = {
			isa = PBXFrameworksBuildPhase;
			buildActionMask = 2147483647;
			files = (
			);
			runOnlyForDeploymentPostprocessing = 0;
		};
		064E9B691F733D06005DABAB /* Frameworks */ = {
			isa = PBXFrameworksBuildPhase;
			buildActionMask = 2147483647;
			files = (
			);
			runOnlyForDeploymentPostprocessing = 0;
		};
		064E9B741F733D06005DABAB /* Frameworks */ = {
			isa = PBXFrameworksBuildPhase;
			buildActionMask = 2147483647;
			files = (
			);
			runOnlyForDeploymentPostprocessing = 0;
		};
/* End PBXFrameworksBuildPhase section */

/* Begin PBXGroup section */
		064E9B4F1F733D05005DABAB = {
			isa = PBXGroup;
			children = (
				064E9B5A1F733D06005DABAB /* heb-ios-app */,
				064E9B6F1F733D06005DABAB /* heb-ios-appTests */,
				064E9B7A1F733D06005DABAB /* heb-ios-appUITests */,
				064E9B591F733D06005DABAB /* Products */,
			);
			sourceTree = "<group>";
		};
		064E9B591F733D06005DABAB /* Products */ = {
			isa = PBXGroup;
			children = (
				064E9B581F733D06005DABAB /* heb-ios-app.app */,
				064E9B6C1F733D06005DABAB /* heb-ios-appTests.xctest */,
				064E9B771F733D06005DABAB /* heb-ios-appUITests.xctest */,
			);
			name = Products;
			sourceTree = "<group>";
		};
		064E9B5A1F733D06005DABAB /* heb-ios-app */ = {
			isa = PBXGroup;
			children = (
				064E9B5B1F733D06005DABAB /* AppDelegate.swift */,
				064E9B5D1F733D06005DABAB /* ViewController.swift */,
				06C9D2751F75D69100DDA9D9 /* ViewController2.swift */,
				064E9B5F1F733D06005DABAB /* Main.storyboard */,
				064E9B621F733D06005DABAB /* Assets.xcassets */,
				064E9B641F733D06005DABAB /* LaunchScreen.storyboard */,
				064E9B671F733D06005DABAB /* Info.plist */,
				06362DB91F785BE0000412A9 /* SimplePing.m */,
				06362DB61F785AC3000412A9 /* SimplePing.h */,
				06BC6F551F78522200852076 /* heb-ios-app-Bridging-Header.h */,
			);
			path = "heb-ios-app";
			sourceTree = "<group>";
		};
		064E9B6F1F733D06005DABAB /* heb-ios-appTests */ = {
			isa = PBXGroup;
			children = (
				064E9B701F733D06005DABAB /* heb_ios_appTests.swift */,
				064E9B721F733D06005DABAB /* Info.plist */,
			);
			path = "heb-ios-appTests";
			sourceTree = "<group>";
		};
		064E9B7A1F733D06005DABAB /* heb-ios-appUITests */ = {
			isa = PBXGroup;
			children = (
				064E9B7B1F733D06005DABAB /* heb_ios_appUITests.swift */,
				064E9B7D1F733D06005DABAB /* Info.plist */,
			);
			path = "heb-ios-appUITests";
			sourceTree = "<group>";
		};
/* End PBXGroup section */

/* Begin PBXNativeTarget section */
		064E9B571F733D05005DABAB /* heb-ios-app */ = {
			isa = PBXNativeTarget;
			buildConfigurationList = 064E9B801F733D06005DABAB /* Build configuration list for PBXNativeTarget "heb-ios-app" */;
			buildPhases = (
				064E9B541F733D05005DABAB /* Sources */,
				064E9B551F733D05005DABAB /* Frameworks */,
				064E9B561F733D05005DABAB /* Resources */,
			);
			buildRules = (
			);
			dependencies = (
			);
			name = "heb-ios-app";
			productName = "heb-ios-app";
			productReference = 064E9B581F733D06005DABAB /* heb-ios-app.app */;
			productType = "com.apple.product-type.application";
		};
		064E9B6B1F733D06005DABAB /* heb-ios-appTests */ = {
			isa = PBXNativeTarget;
			buildConfigurationList = 064E9B831F733D06005DABAB /* Build configuration list for PBXNativeTarget "heb-ios-appTests" */;
			buildPhases = (
				064E9B681F733D06005DABAB /* Sources */,
				064E9B691F733D06005DABAB /* Frameworks */,
				064E9B6A1F733D06005DABAB /* Resources */,
			);
			buildRules = (
			);
			dependencies = (
				064E9B6E1F733D06005DABAB /* PBXTargetDependency */,
			);
			name = "heb-ios-appTests";
			productName = "heb-ios-appTests";
			productReference = 064E9B6C1F733D06005DABAB /* heb-ios-appTests.xctest */;
			productType = "com.apple.product-type.bundle.unit-test";
		};
		064E9B761F733D06005DABAB /* heb-ios-appUITests */ = {
			isa = PBXNativeTarget;
			buildConfigurationList = 064E9B861F733D06005DABAB /* Build configuration list for PBXNativeTarget "heb-ios-appUITests" */;
			buildPhases = (
				064E9B731F733D06005DABAB /* Sources */,
				064E9B741F733D06005DABAB /* Frameworks */,
				064E9B751F733D06005DABAB /* Resources */,
			);
			buildRules = (
			);
			dependencies = (
				064E9B791F733D06005DABAB /* PBXTargetDependency */,
			);
			name = "heb-ios-appUITests";
			productName = "heb-ios-appUITests";
			productReference = 064E9B771F733D06005DABAB /* heb-ios-appUITests.xctest */;
			productType = "com.apple.product-type.bundle.ui-testing";
		};
/* End PBXNativeTarget section */

/* Begin PBXProject section */
		064E9B501F733D05005DABAB /* Project object */ = {
			isa = PBXProject;
			attributes = {
				LastSwiftUpdateCheck = 0810;
				LastUpgradeCheck = 0900;
				ORGANIZATIONNAME = TU;
				TargetAttributes = {
					064E9B571F733D05005DABAB = {
						CreatedOnToolsVersion = 8.1;
						DevelopmentTeam = XV9EQ7Z7FE;
						LastSwiftMigration = 0900;
						ProvisioningStyle = Automatic;
					};
					064E9B6B1F733D06005DABAB = {
						CreatedOnToolsVersion = 8.1;
						LastSwiftMigration = 0900;
						ProvisioningStyle = Automatic;
						TestTargetID = 064E9B571F733D05005DABAB;
					};
					064E9B761F733D06005DABAB = {
						CreatedOnToolsVersion = 8.1;
						LastSwiftMigration = 0900;
						ProvisioningStyle = Automatic;
						TestTargetID = 064E9B571F733D05005DABAB;
					};
				};
			};
			buildConfigurationList = 064E9B531F733D05005DABAB /* Build configuration list for PBXProject "heb-ios-app" */;
			compatibilityVersion = "Xcode 3.2";
			developmentRegion = English;
			hasScannedForEncodings = 0;
			knownRegions = (
				en,
				Base,
			);
			mainGroup = 064E9B4F1F733D05005DABAB;
			productRefGroup = 064E9B591F733D06005DABAB /* Products */;
			projectDirPath = "";
			projectRoot = "";
			targets = (
				064E9B571F733D05005DABAB /* heb-ios-app */,
				064E9B6B1F733D06005DABAB /* heb-ios-appTests */,
				064E9B761F733D06005DABAB /* heb-ios-appUITests */,
			);
		};
/* End PBXProject section */

/* Begin PBXResourcesBuildPhase section */
		064E9B561F733D05005DABAB /* Resources */ = {
			isa = PBXResourcesBuildPhase;
			buildActionMask = 2147483647;
			files = (
				064E9B661F733D06005DABAB /* LaunchScreen.storyboard in Resources */,
				064E9B631F733D06005DABAB /* Assets.xcassets in Resources */,
				064E9B611F733D06005DABAB /* Main.storyboard in Resources */,
			);
			runOnlyForDeploymentPostprocessing = 0;
		};
		064E9B6A1F733D06005DABAB /* Resources */ = {
			isa = PBXResourcesBuildPhase;
			buildActionMask = 2147483647;
			files = (
			);
			runOnlyForDeploymentPostprocessing = 0;
		};
		064E9B751F733D06005DABAB /* Resources */ = {
			isa = PBXResourcesBuildPhase;
			buildActionMask = 2147483647;
			files = (
			);
			runOnlyForDeploymentPostprocessing = 0;
		};
/* End PBXResourcesBuildPhase section */

/* Begin PBXSourcesBuildPhase section */
		064E9B541F733D05005DABAB /* Sources */ = {
			isa = PBXSourcesBuildPhase;
			buildActionMask = 2147483647;
			files = (
				064E9B5E1F733D06005DABAB /* ViewController.swift in Sources */,
				064E9B5C1F733D06005DABAB /* AppDelegate.swift in Sources */,
				06C9D2761F75D69100DDA9D9 /* ViewController2.swift in Sources */,
				06362DBA1F785BE0000412A9 /* SimplePing.m in Sources */,
			);
			runOnlyForDeploymentPostprocessing = 0;
		};
		064E9B681F733D06005DABAB /* Sources */ = {
			isa = PBXSourcesBuildPhase;
			buildActionMask = 2147483647;
			files = (
				064E9B711F733D06005DABAB /* heb_ios_appTests.swift in Sources */,
			);
			runOnlyForDeploymentPostprocessing = 0;
		};
		064E9B731F733D06005DABAB /* Sources */ = {
			isa = PBXSourcesBuildPhase;
			buildActionMask = 2147483647;
			files = (
				064E9B7C1F733D06005DABAB /* heb_ios_appUITests.swift in Sources */,
			);
			runOnlyForDeploymentPostprocessing = 0;
		};
/* End PBXSourcesBuildPhase section */

/* Begin PBXTargetDependency section */
		064E9B6E1F733D06005DABAB /* PBXTargetDependency */ = {
			isa = PBXTargetDependency;
			target = 064E9B571F733D05005DABAB /* heb-ios-app */;
			targetProxy = 064E9B6D1F733D06005DABAB /* PBXContainerItemProxy */;
		};
		064E9B791F733D06005DABAB /* PBXTargetDependency */ = {
			isa = PBXTargetDependency;
			target = 064E9B571F733D05005DABAB /* heb-ios-app */;
			targetProxy = 064E9B781F733D06005DABAB /* PBXContainerItemProxy */;
		};
/* End PBXTargetDependency section */

/* Begin PBXVariantGroup section */
		064E9B5F1F733D06005DABAB /* Main.storyboard */ = {
			isa = PBXVariantGroup;
			children = (
				064E9B601F733D06005DABAB /* Base */,
			);
			name = Main.storyboard;
			sourceTree = "<group>";
		};
		064E9B641F733D06005DABAB /* LaunchScreen.storyboard */ = {
			isa = PBXVariantGroup;
			children = (
				064E9B651F733D06005DABAB /* Base */,
			);
			name = LaunchScreen.storyboard;
			sourceTree = "<group>";
		};
/* End PBXVariantGroup section */

/* Begin XCBuildConfiguration section */
		064E9B7E1F733D06005DABAB /* Debug */ = {
			isa = XCBuildConfiguration;
			buildSettings = {
				ALWAYS_SEARCH_USER_PATHS = NO;
				CLANG_ANALYZER_NONNULL = YES;
				CLANG_CXX_LANGUAGE_STANDARD = "gnu++0x";
				CLANG_CXX_LIBRARY = "libc++";
				CLANG_ENABLE_MODULES = YES;
				CLANG_ENABLE_OBJC_ARC = YES;
				CLANG_WARN_BLOCK_CAPTURE_AUTORELEASING = YES;
				CLANG_WARN_BOOL_CONVERSION = YES;
				CLANG_WARN_COMMA = YES;
				CLANG_WARN_CONSTANT_CONVERSION = YES;
				CLANG_WARN_DIRECT_OBJC_ISA_USAGE = YES_ERROR;
				CLANG_WARN_DOCUMENTATION_COMMENTS = YES;
				CLANG_WARN_EMPTY_BODY = YES;
				CLANG_WARN_ENUM_CONVERSION = YES;
				CLANG_WARN_INFINITE_RECURSION = YES;
				CLANG_WARN_INT_CONVERSION = YES;
				CLANG_WARN_NON_LITERAL_NULL_CONVERSION = YES;
				CLANG_WARN_OBJC_LITERAL_CONVERSION = YES;
				CLANG_WARN_OBJC_ROOT_CLASS = YES_ERROR;
				CLANG_WARN_RANGE_LOOP_ANALYSIS = YES;
				CLANG_WARN_STRICT_PROTOTYPES = YES;
				CLANG_WARN_SUSPICIOUS_MOVE = YES;
				CLANG_WARN_SUSPICIOUS_MOVES = YES;
				CLANG_WARN_UNREACHABLE_CODE = YES;
				CLANG_WARN__DUPLICATE_METHOD_MATCH = YES;
				"CODE_SIGN_IDENTITY[sdk=iphoneos*]" = "iPhone Developer";
				COPY_PHASE_STRIP = NO;
				DEBUG_INFORMATION_FORMAT = dwarf;
				ENABLE_STRICT_OBJC_MSGSEND = YES;
				ENABLE_TESTABILITY = YES;
				GCC_C_LANGUAGE_STANDARD = gnu99;
				GCC_DYNAMIC_NO_PIC = NO;
				GCC_NO_COMMON_BLOCKS = YES;
				GCC_OPTIMIZATION_LEVEL = 0;
				GCC_PREPROCESSOR_DEFINITIONS = (
					"DEBUG=1",
					"$(inherited)",
				);
				GCC_WARN_64_TO_32_BIT_CONVERSION = YES;
				GCC_WARN_ABOUT_RETURN_TYPE = YES_ERROR;
				GCC_WARN_UNDECLARED_SELECTOR = YES;
				GCC_WARN_UNINITIALIZED_AUTOS = YES_AGGRESSIVE;
				GCC_WARN_UNUSED_FUNCTION = YES;
				GCC_WARN_UNUSED_VARIABLE = YES;
				IPHONEOS_DEPLOYMENT_TARGET = 10.1;
				MTL_ENABLE_DEBUG_INFO = YES;
				ONLY_ACTIVE_ARCH = YES;
				SDKROOT = iphoneos;
				SWIFT_ACTIVE_COMPILATION_CONDITIONS = DEBUG;
				SWIFT_OPTIMIZATION_LEVEL = "-Onone";
				SWIFT_SWIFT3_OBJC_INFERENCE = On;
				TARGETED_DEVICE_FAMILY = "1,2";
			};
			name = Debug;
		};
		064E9B7F1F733D06005DABAB /* Release */ = {
			isa = XCBuildConfiguration;
			buildSettings = {
				ALWAYS_SEARCH_USER_PATHS = NO;
				CLANG_ANALYZER_NONNULL = YES;
				CLANG_CXX_LANGUAGE_STANDARD = "gnu++0x";
				CLANG_CXX_LIBRARY = "libc++";
				CLANG_ENABLE_MODULES = YES;
				CLANG_ENABLE_OBJC_ARC = YES;
				CLANG_WARN_BLOCK_CAPTURE_AUTORELEASING = YES;
				CLANG_WARN_BOOL_CONVERSION = YES;
				CLANG_WARN_COMMA = YES;
				CLANG_WARN_CONSTANT_CONVERSION = YES;
				CLANG_WARN_DIRECT_OBJC_ISA_USAGE = YES_ERROR;
				CLANG_WARN_DOCUMENTATION_COMMENTS = YES;
				CLANG_WARN_EMPTY_BODY = YES;
				CLANG_WARN_ENUM_CONVERSION = YES;
				CLANG_WARN_INFINITE_RECURSION = YES;
				CLANG_WARN_INT_CONVERSION = YES;
				CLANG_WARN_NON_LITERAL_NULL_CONVERSION = YES;
				CLANG_WARN_OBJC_LITERAL_CONVERSION = YES;
				CLANG_WARN_OBJC_ROOT_CLASS = YES_ERROR;
				CLANG_WARN_RANGE_LOOP_ANALYSIS = YES;
				CLANG_WARN_STRICT_PROTOTYPES = YES;
				CLANG_WARN_SUSPICIOUS_MOVE = YES;
				CLANG_WARN_SUSPICIOUS_MOVES = YES;
				CLANG_WARN_UNREACHABLE_CODE = YES;
				CLANG_WARN__DUPLICATE_METHOD_MATCH = YES;
				"CODE_SIGN_IDENTITY[sdk=iphoneos*]" = "iPhone Developer";
				COPY_PHASE_STRIP = NO;
				DEBUG_INFORMATION_FORMAT = "dwarf-with-dsym";
				ENABLE_NS_ASSERTIONS = NO;
				ENABLE_STRICT_OBJC_MSGSEND = YES;
				GCC_C_LANGUAGE_STANDARD = gnu99;
				GCC_NO_COMMON_BLOCKS = YES;
				GCC_WARN_64_TO_32_BIT_CONVERSION = YES;
				GCC_WARN_ABOUT_RETURN_TYPE = YES_ERROR;
				GCC_WARN_UNDECLARED_SELECTOR = YES;
				GCC_WARN_UNINITIALIZED_AUTOS = YES_AGGRESSIVE;
				GCC_WARN_UNUSED_FUNCTION = YES;
				GCC_WARN_UNUSED_VARIABLE = YES;
				IPHONEOS_DEPLOYMENT_TARGET = 10.1;
				MTL_ENABLE_DEBUG_INFO = NO;
				SDKROOT = iphoneos;
				SWIFT_OPTIMIZATION_LEVEL = "-Owholemodule";
				SWIFT_SWIFT3_OBJC_INFERENCE = On;
				TARGETED_DEVICE_FAMILY = "1,2";
				VALIDATE_PRODUCT = YES;
			};
			name = Release;
		};
		064E9B811F733D06005DABAB /* Debug */ = {
			isa = XCBuildConfiguration;
			buildSettings = {
				ASSETCATALOG_COMPILER_APPICON_NAME = AppIcon;
				CLANG_ENABLE_MODULES = YES;
				DEVELOPMENT_TEAM = XV9EQ7Z7FE;
				INFOPLIST_FILE = "heb-ios-app/Info.plist";
				LD_RUNPATH_SEARCH_PATHS = "$(inherited) @executable_path/Frameworks";
				PRODUCT_BUNDLE_IDENTIFIER = "trinityu.heb-ios-app";
				PRODUCT_NAME = "$(TARGET_NAME)";
				SWIFT_OBJC_BRIDGING_HEADER = "heb-ios-app/heb-ios-app-Bridging-Header.h";
				SWIFT_OPTIMIZATION_LEVEL = "-Onone";
				SWIFT_SWIFT3_OBJC_INFERENCE = On;
				SWIFT_VERSION = 4.0;
			};
			name = Debug;
		};
		064E9B821F733D06005DABAB /* Release */ = {
			isa = XCBuildConfiguration;
			buildSettings = {
				ASSETCATALOG_COMPILER_APPICON_NAME = AppIcon;
				CLANG_ENABLE_MODULES = YES;
				DEVELOPMENT_TEAM = XV9EQ7Z7FE;
				INFOPLIST_FILE = "heb-ios-app/Info.plist";
				LD_RUNPATH_SEARCH_PATHS = "$(inherited) @executable_path/Frameworks";
				PRODUCT_BUNDLE_IDENTIFIER = "trinityu.heb-ios-app";
				PRODUCT_NAME = "$(TARGET_NAME)";
				SWIFT_OBJC_BRIDGING_HEADER = "heb-ios-app/heb-ios-app-Bridging-Header.h";
				SWIFT_SWIFT3_OBJC_INFERENCE = On;
				SWIFT_VERSION = 4.0;
			};
			name = Release;
		};
		064E9B841F733D06005DABAB /* Debug */ = {
			isa = XCBuildConfiguration;
			buildSettings = {
				ALWAYS_EMBED_SWIFT_STANDARD_LIBRARIES = YES;
				BUNDLE_LOADER = "$(TEST_HOST)";
				INFOPLIST_FILE = "heb-ios-appTests/Info.plist";
				LD_RUNPATH_SEARCH_PATHS = "$(inherited) @executable_path/Frameworks @loader_path/Frameworks";
				PRODUCT_BUNDLE_IDENTIFIER = "trinityu.heb-ios-appTests";
				PRODUCT_NAME = "$(TARGET_NAME)";
				SWIFT_SWIFT3_OBJC_INFERENCE = On;
				SWIFT_VERSION = 4.0;
				TEST_HOST = "$(BUILT_PRODUCTS_DIR)/heb-ios-app.app/heb-ios-app";
			};
			name = Debug;
		};
		064E9B851F733D06005DABAB /* Release */ = {
			isa = XCBuildConfiguration;
			buildSettings = {
				ALWAYS_EMBED_SWIFT_STANDARD_LIBRARIES = YES;
				BUNDLE_LOADER = "$(TEST_HOST)";
				INFOPLIST_FILE = "heb-ios-appTests/Info.plist";
				LD_RUNPATH_SEARCH_PATHS = "$(inherited) @executable_path/Frameworks @loader_path/Frameworks";
				PRODUCT_BUNDLE_IDENTIFIER = "trinityu.heb-ios-appTests";
				PRODUCT_NAME = "$(TARGET_NAME)";
				SWIFT_SWIFT3_OBJC_INFERENCE = On;
				SWIFT_VERSION = 4.0;
				TEST_HOST = "$(BUILT_PRODUCTS_DIR)/heb-ios-app.app/heb-ios-app";
			};
			name = Release;
		};
		064E9B871F733D06005DABAB /* Debug */ = {
			isa = XCBuildConfiguration;
			buildSettings = {
				ALWAYS_EMBED_SWIFT_STANDARD_LIBRARIES = YES;
				INFOPLIST_FILE = "heb-ios-appUITests/Info.plist";
				LD_RUNPATH_SEARCH_PATHS = "$(inherited) @executable_path/Frameworks @loader_path/Frameworks";
				PRODUCT_BUNDLE_IDENTIFIER = "trinityu.heb-ios-appUITests";
				PRODUCT_NAME = "$(TARGET_NAME)";
				SWIFT_SWIFT3_OBJC_INFERENCE = On;
				SWIFT_VERSION = 4.0;
				TEST_TARGET_NAME = "heb-ios-app";
			};
			name = Debug;
		};
		064E9B881F733D06005DABAB /* Release */ = {
			isa = XCBuildConfiguration;
			buildSettings = {
				ALWAYS_EMBED_SWIFT_STANDARD_LIBRARIES = YES;
				INFOPLIST_FILE = "heb-ios-appUITests/Info.plist";
				LD_RUNPATH_SEARCH_PATHS = "$(inherited) @executable_path/Frameworks @loader_path/Frameworks";
				PRODUCT_BUNDLE_IDENTIFIER = "trinityu.heb-ios-appUITests";
				PRODUCT_NAME = "$(TARGET_NAME)";
				SWIFT_SWIFT3_OBJC_INFERENCE = On;
				SWIFT_VERSION = 4.0;
				TEST_TARGET_NAME = "heb-ios-app";
			};
			name = Release;
		};
/* End XCBuildConfiguration section */

/* Begin XCConfigurationList section */
		064E9B531F733D05005DABAB /* Build configuration list for PBXProject "heb-ios-app" */ = {
			isa = XCConfigurationList;
			buildConfigurations = (
				064E9B7E1F733D06005DABAB /* Debug */,
				064E9B7F1F733D06005DABAB /* Release */,
			);
			defaultConfigurationIsVisible = 0;
			defaultConfigurationName = Release;
		};
		064E9B801F733D06005DABAB /* Build configuration list for PBXNativeTarget "heb-ios-app" */ = {
			isa = XCConfigurationList;
			buildConfigurations = (
				064E9B811F733D06005DABAB /* Debug */,
				064E9B821F733D06005DABAB /* Release */,
			);
			defaultConfigurationIsVisible = 0;
			defaultConfigurationName = Release;
		};
		064E9B831F733D06005DABAB /* Build configuration list for PBXNativeTarget "heb-ios-appTests" */ = {
			isa = XCConfigurationList;
			buildConfigurations = (
				064E9B841F733D06005DABAB /* Debug */,
				064E9B851F733D06005DABAB /* Release */,
			);
			defaultConfigurationIsVisible = 0;
			defaultConfigurationName = Release;
		};
		064E9B861F733D06005DABAB /* Build configuration list for PBXNativeTarget "heb-ios-appUITests" */ = {
			isa = XCConfigurationList;
			buildConfigurations = (
				064E9B871F733D06005DABAB /* Debug */,
				064E9B881F733D06005DABAB /* Release */,
			);
			defaultConfigurationIsVisible = 0;
			defaultConfigurationName = Release;
		};
/* End XCConfigurationList section */
	};
	rootObject = 064E9B501F733D05005DABAB /* Project object */;
}
